// !$*UTF8*$!
{
	archiveVersion = 1;
	classes = {
	};
	objectVersion = 46;
	objects = {

/* Begin PBXBuildFile section */
		3CCCE2901899131500101311 /* Foundation.framework in Frameworks */ = {isa = PBXBuildFile; fileRef = 3CCCE28F1899131500101311 /* Foundation.framework */; };
		3CCCE2921899131500101311 /* CoreGraphics.framework in Frameworks */ = {isa = PBXBuildFile; fileRef = 3CCCE2911899131500101311 /* CoreGraphics.framework */; };
		3CCCE2941899131500101311 /* UIKit.framework in Frameworks */ = {isa = PBXBuildFile; fileRef = 3CCCE2931899131500101311 /* UIKit.framework */; };
		3CCCE2961899131500101311 /* CoreData.framework in Frameworks */ = {isa = PBXBuildFile; fileRef = 3CCCE2951899131500101311 /* CoreData.framework */; };
		3CCCE29C1899131500101311 /* InfoPlist.strings in Resources */ = {isa = PBXBuildFile; fileRef = 3CCCE29A1899131500101311 /* InfoPlist.strings */; };
		3CCCE29E1899131500101311 /* main.m in Sources */ = {isa = PBXBuildFile; fileRef = 3CCCE29D1899131500101311 /* main.m */; };
		3CCCE2A21899131500101311 /* AppDelegate.m in Sources */ = {isa = PBXBuildFile; fileRef = 3CCCE2A11899131500101311 /* AppDelegate.m */; };
		3CCCE2A51899131500101311 /* project1.xcdatamodeld in Sources */ = {isa = PBXBuildFile; fileRef = 3CCCE2A31899131500101311 /* project1.xcdatamodeld */; };
		3CCCE2A71899131500101311 /* Images.xcassets in Resources */ = {isa = PBXBuildFile; fileRef = 3CCCE2A61899131500101311 /* Images.xcassets */; };
		3CCCE2AE1899131500101311 /* XCTest.framework in Frameworks */ = {isa = PBXBuildFile; fileRef = 3CCCE2AD1899131500101311 /* XCTest.framework */; };
		3CCCE2AF1899131500101311 /* Foundation.framework in Frameworks */ = {isa = PBXBuildFile; fileRef = 3CCCE28F1899131500101311 /* Foundation.framework */; };
		3CCCE2B01899131500101311 /* UIKit.framework in Frameworks */ = {isa = PBXBuildFile; fileRef = 3CCCE2931899131500101311 /* UIKit.framework */; };
		3CCCE2B11899131500101311 /* CoreData.framework in Frameworks */ = {isa = PBXBuildFile; fileRef = 3CCCE2951899131500101311 /* CoreData.framework */; };
		3CCCE2B91899131500101311 /* InfoPlist.strings in Resources */ = {isa = PBXBuildFile; fileRef = 3CCCE2B71899131500101311 /* InfoPlist.strings */; };
		3CCCE2BB1899131500101311 /* project1Tests.m in Sources */ = {isa = PBXBuildFile; fileRef = 3CCCE2BA1899131500101311 /* project1Tests.m */; };
		3CCCE2C61899138F00101311 /* Category.m in Sources */ = {isa = PBXBuildFile; fileRef = 3CCCE2C51899138F00101311 /* Category.m */; };
		3CCCE2CF18991C0400101311 /* ViewController.m in Sources */ = {isa = PBXBuildFile; fileRef = 3CCCE2CD18991C0400101311 /* ViewController.m */; };
		3CCCE2D018991C0400101311 /* ViewController.xib in Resources */ = {isa = PBXBuildFile; fileRef = 3CCCE2CE18991C0400101311 /* ViewController.xib */; };
/* End PBXBuildFile section */

/* Begin PBXContainerItemProxy section */
		3CCCE2B21899131500101311 /* PBXContainerItemProxy */ = {
			isa = PBXContainerItemProxy;
			containerPortal = 3CCCE2841899131500101311 /* Project object */;
			proxyType = 1;
			remoteGlobalIDString = 3CCCE28B1899131500101311;
			remoteInfo = project1;
		};
/* End PBXContainerItemProxy section */

/* Begin PBXFileReference section */
		3CCCE28C1899131500101311 /* project1.app */ = {isa = PBXFileReference; explicitFileType = wrapper.application; includeInIndex = 0; path = project1.app; sourceTree = BUILT_PRODUCTS_DIR; };
		3CCCE28F1899131500101311 /* Foundation.framework */ = {isa = PBXFileReference; lastKnownFileType = wrapper.framework; name = Foundation.framework; path = System/Library/Frameworks/Foundation.framework; sourceTree = SDKROOT; };
		3CCCE2911899131500101311 /* CoreGraphics.framework */ = {isa = PBXFileReference; lastKnownFileType = wrapper.framework; name = CoreGraphics.framework; path = System/Library/Frameworks/CoreGraphics.framework; sourceTree = SDKROOT; };
		3CCCE2931899131500101311 /* UIKit.framework */ = {isa = PBXFileReference; lastKnownFileType = wrapper.framework; name = UIKit.framework; path = System/Library/Frameworks/UIKit.framework; sourceTree = SDKROOT; };
		3CCCE2951899131500101311 /* CoreData.framework */ = {isa = PBXFileReference; lastKnownFileType = wrapper.framework; name = CoreData.framework; path = System/Library/Frameworks/CoreData.framework; sourceTree = SDKROOT; };
		3CCCE2991899131500101311 /* project1-Info.plist */ = {isa = PBXFileReference; lastKnownFileType = text.plist.xml; path = "project1-Info.plist"; sourceTree = "<group>"; };
		3CCCE29B1899131500101311 /* en */ = {isa = PBXFileReference; lastKnownFileType = text.plist.strings; name = en; path = en.lproj/InfoPlist.strings; sourceTree = "<group>"; };
		3CCCE29D1899131500101311 /* main.m */ = {isa = PBXFileReference; lastKnownFileType = sourcecode.c.objc; path = main.m; sourceTree = "<group>"; };
		3CCCE29F1899131500101311 /* project1-Prefix.pch */ = {isa = PBXFileReference; lastKnownFileType = sourcecode.c.h; path = "project1-Prefix.pch"; sourceTree = "<group>"; };
		3CCCE2A01899131500101311 /* AppDelegate.h */ = {isa = PBXFileReference; lastKnownFileType = sourcecode.c.h; path = AppDelegate.h; sourceTree = "<group>"; };
		3CCCE2A11899131500101311 /* AppDelegate.m */ = {isa = PBXFileReference; lastKnownFileType = sourcecode.c.objc; path = AppDelegate.m; sourceTree = "<group>"; };
		3CCCE2A41899131500101311 /* project1.xcdatamodel */ = {isa = PBXFileReference; lastKnownFileType = wrapper.xcdatamodel; path = project1.xcdatamodel; sourceTree = "<group>"; };
		3CCCE2A61899131500101311 /* Images.xcassets */ = {isa = PBXFileReference; lastKnownFileType = folder.assetcatalog; path = Images.xcassets; sourceTree = "<group>"; };
		3CCCE2AC1899131500101311 /* project1Tests.xctest */ = {isa = PBXFileReference; explicitFileType = wrapper.cfbundle; includeInIndex = 0; path = project1Tests.xctest; sourceTree = BUILT_PRODUCTS_DIR; };
		3CCCE2AD1899131500101311 /* XCTest.framework */ = {isa = PBXFileReference; lastKnownFileType = wrapper.framework; name = XCTest.framework; path = Library/Frameworks/XCTest.framework; sourceTree = DEVELOPER_DIR; };
		3CCCE2B61899131500101311 /* project1Tests-Info.plist */ = {isa = PBXFileReference; lastKnownFileType = text.plist.xml; path = "project1Tests-Info.plist"; sourceTree = "<group>"; };
		3CCCE2B81899131500101311 /* en */ = {isa = PBXFileReference; lastKnownFileType = text.plist.strings; name = en; path = en.lproj/InfoPlist.strings; sourceTree = "<group>"; };
		3CCCE2BA1899131500101311 /* project1Tests.m */ = {isa = PBXFileReference; lastKnownFileType = sourcecode.c.objc; path = project1Tests.m; sourceTree = "<group>"; };
		3CCCE2C41899138F00101311 /* Category.h */ = {isa = PBXFileReference; fileEncoding = 4; lastKnownFileType = sourcecode.c.h; path = Category.h; sourceTree = "<group>"; };
		3CCCE2C51899138F00101311 /* Category.m */ = {isa = PBXFileReference; fileEncoding = 4; lastKnownFileType = sourcecode.c.objc; path = Category.m; sourceTree = "<group>"; };
		3CCCE2CC18991C0400101311 /* ViewController.h */ = {isa = PBXFileReference; fileEncoding = 4; lastKnownFileType = sourcecode.c.h; path = ViewController.h; sourceTree = "<group>"; };
		3CCCE2CD18991C0400101311 /* ViewController.m */ = {isa = PBXFileReference; fileEncoding = 4; lastKnownFileType = sourcecode.c.objc; path = ViewController.m; sourceTree = "<group>"; };
		3CCCE2CE18991C0400101311 /* ViewController.xib */ = {isa = PBXFileReference; fileEncoding = 4; lastKnownFileType = file.xib; path = ViewController.xib; sourceTree = "<group>"; };
/* End PBXFileReference section */

/* Begin PBXFrameworksBuildPhase section */
		3CCCE2891899131500101311 /* Frameworks */ = {
			isa = PBXFrameworksBuildPhase;
			buildActionMask = 2147483647;
			files = (
				3CCCE2921899131500101311 /* CoreGraphics.framework in Frameworks */,
				3CCCE2961899131500101311 /* CoreData.framework in Frameworks */,
				3CCCE2941899131500101311 /* UIKit.framework in Frameworks */,
				3CCCE2901899131500101311 /* Foundation.framework in Frameworks */,
			);
			runOnlyForDeploymentPostprocessing = 0;
		};
		3CCCE2A91899131500101311 /* Frameworks */ = {
			isa = PBXFrameworksBuildPhase;
			buildActionMask = 2147483647;
			files = (
				3CCCE2AE1899131500101311 /* XCTest.framework in Frameworks */,
				3CCCE2B11899131500101311 /* CoreData.framework in Frameworks */,
				3CCCE2B01899131500101311 /* UIKit.framework in Frameworks */,
				3CCCE2AF1899131500101311 /* Foundation.framework in Frameworks */,
			);
			runOnlyForDeploymentPostprocessing = 0;
		};
/* End PBXFrameworksBuildPhase section */

/* Begin PBXGroup section */
		3CCCE2831899131500101311 = {
			isa = PBXGroup;
			children = (
				3CCCE2971899131500101311 /* project1 */,
				3CCCE2B41899131500101311 /* project1Tests */,
				3CCCE28E1899131500101311 /* Frameworks */,
				3CCCE28D1899131500101311 /* Products */,
			);
			sourceTree = "<group>";
		};
		3CCCE28D1899131500101311 /* Products */ = {
			isa = PBXGroup;
			children = (
				3CCCE28C1899131500101311 /* project1.app */,
				3CCCE2AC1899131500101311 /* project1Tests.xctest */,
			);
			name = Products;
			sourceTree = "<group>";
		};
		3CCCE28E1899131500101311 /* Frameworks */ = {
			isa = PBXGroup;
			children = (
				3CCCE28F1899131500101311 /* Foundation.framework */,
				3CCCE2911899131500101311 /* CoreGraphics.framework */,
				3CCCE2931899131500101311 /* UIKit.framework */,
				3CCCE2951899131500101311 /* CoreData.framework */,
				3CCCE2AD1899131500101311 /* XCTest.framework */,
			);
			name = Frameworks;
			sourceTree = "<group>";
		};
		3CCCE2971899131500101311 /* project1 */ = {
			isa = PBXGroup;
			children = (
				3CCCE2A01899131500101311 /* AppDelegate.h */,
				3CCCE2A11899131500101311 /* AppDelegate.m */,
				3CCCE2C41899138F00101311 /* Category.h */,
				3CCCE2C51899138F00101311 /* Category.m */,
				3CCCE2CC18991C0400101311 /* ViewController.h */,
				3CCCE2CD18991C0400101311 /* ViewController.m */,
				3CCCE2CE18991C0400101311 /* ViewController.xib */,
				3CCCE2A61899131500101311 /* Images.xcassets */,
				3CCCE2A31899131500101311 /* project1.xcdatamodeld */,
				3CCCE2981899131500101311 /* Supporting Files */,
			);
			path = project1;
			sourceTree = "<group>";
		};
		3CCCE2981899131500101311 /* Supporting Files */ = {
			isa = PBXGroup;
			children = (
				3CCCE2991899131500101311 /* project1-Info.plist */,
				3CCCE29A1899131500101311 /* InfoPlist.strings */,
				3CCCE29D1899131500101311 /* main.m */,
				3CCCE29F1899131500101311 /* project1-Prefix.pch */,
			);
			name = "Supporting Files";
			sourceTree = "<group>";
		};
		3CCCE2B41899131500101311 /* project1Tests */ = {
			isa = PBXGroup;
			children = (
				3CCCE2BA1899131500101311 /* project1Tests.m */,
				3CCCE2B51899131500101311 /* Supporting Files */,
			);
			path = project1Tests;
			sourceTree = "<group>";
		};
		3CCCE2B51899131500101311 /* Supporting Files */ = {
			isa = PBXGroup;
			children = (
				3CCCE2B61899131500101311 /* project1Tests-Info.plist */,
				3CCCE2B71899131500101311 /* InfoPlist.strings */,
			);
			name = "Supporting Files";
			sourceTree = "<group>";
		};
/* End PBXGroup section */

/* Begin PBXNativeTarget section */
		3CCCE28B1899131500101311 /* project1 */ = {
			isa = PBXNativeTarget;
			buildConfigurationList = 3CCCE2BE1899131500101311 /* Build configuration list for PBXNativeTarget "project1" */;
			buildPhases = (
				3CCCE2881899131500101311 /* Sources */,
				3CCCE2891899131500101311 /* Frameworks */,
				3CCCE28A1899131500101311 /* Resources */,
			);
			buildRules = (
			);
			dependencies = (
			);
			name = project1;
			productName = project1;
			productReference = 3CCCE28C1899131500101311 /* project1.app */;
			productType = "com.apple.product-type.application";
		};
		3CCCE2AB1899131500101311 /* project1Tests */ = {
			isa = PBXNativeTarget;
			buildConfigurationList = 3CCCE2C11899131500101311 /* Build configuration list for PBXNativeTarget "project1Tests" */;
			buildPhases = (
				3CCCE2A81899131500101311 /* Sources */,
				3CCCE2A91899131500101311 /* Frameworks */,
				3CCCE2AA1899131500101311 /* Resources */,
			);
			buildRules = (
			);
			dependencies = (
				3CCCE2B31899131500101311 /* PBXTargetDependency */,
			);
			name = project1Tests;
			productName = project1Tests;
			productReference = 3CCCE2AC1899131500101311 /* project1Tests.xctest */;
			productType = "com.apple.product-type.bundle.unit-test";
		};
/* End PBXNativeTarget section */

/* Begin PBXProject section */
		3CCCE2841899131500101311 /* Project object */ = {
			isa = PBXProject;
			attributes = {
				LastUpgradeCheck = 0500;
				ORGANIZATIONNAME = "BSA Univ4";
				TargetAttributes = {
					3CCCE2AB1899131500101311 = {
						TestTargetID = 3CCCE28B1899131500101311;
					};
				};
			};
			buildConfigurationList = 3CCCE2871899131500101311 /* Build configuration list for PBXProject "project1" */;
			compatibilityVersion = "Xcode 3.2";
			developmentRegion = English;
			hasScannedForEncodings = 0;
			knownRegions = (
				en,
			);
			mainGroup = 3CCCE2831899131500101311;
			productRefGroup = 3CCCE28D1899131500101311 /* Products */;
			projectDirPath = "";
			projectRoot = "";
			targets = (
				3CCCE28B1899131500101311 /* project1 */,
				3CCCE2AB1899131500101311 /* project1Tests */,
			);
		};
/* End PBXProject section */

/* Begin PBXResourcesBuildPhase section */
		3CCCE28A1899131500101311 /* Resources */ = {
			isa = PBXResourcesBuildPhase;
			buildActionMask = 2147483647;
			files = (
				3CCCE29C1899131500101311 /* InfoPlist.strings in Resources */,
				3CCCE2D018991C0400101311 /* ViewController.xib in Resources */,
				3CCCE2A71899131500101311 /* Images.xcassets in Resources */,
			);
			runOnlyForDeploymentPostprocessing = 0;
		};
		3CCCE2AA1899131500101311 /* Resources */ = {
			isa = PBXResourcesBuildPhase;
			buildActionMask = 2147483647;
			files = (
				3CCCE2B91899131500101311 /* InfoPlist.strings in Resources */,
			);
			runOnlyForDeploymentPostprocessing = 0;
		};
/* End PBXResourcesBuildPhase section */

/* Begin PBXSourcesBuildPhase section */
		3CCCE2881899131500101311 /* Sources */ = {
			isa = PBXSourcesBuildPhase;
			buildActionMask = 2147483647;
			files = (
				3CCCE2A51899131500101311 /* project1.xcdatamodeld in Sources */,
				3CCCE2A21899131500101311 /* AppDelegate.m in Sources */,
				3CCCE29E1899131500101311 /* main.m in Sources */,
				3CCCE2C61899138F00101311 /* Category.m in Sources */,
				3CCCE2CF18991C0400101311 /* ViewController.m in Sources */,
			);
			runOnlyForDeploymentPostprocessing = 0;
		};
		3CCCE2A81899131500101311 /* Sources */ = {
			isa = PBXSourcesBuildPhase;
			buildActionMask = 2147483647;
			files = (
				3CCCE2BB1899131500101311 /* project1Tests.m in Sources */,
			);
			runOnlyForDeploymentPostprocessing = 0;
		};
/* End PBXSourcesBuildPhase section */

/* Begin PBXTargetDependency section */
		3CCCE2B31899131500101311 /* PBXTargetDependency */ = {
			isa = PBXTargetDependency;
			target = 3CCCE28B1899131500101311 /* project1 */;
			targetProxy = 3CCCE2B21899131500101311 /* PBXContainerItemProxy */;
		};
/* End PBXTargetDependency section */

/* Begin PBXVariantGroup section */
		3CCCE29A1899131500101311 /* InfoPlist.strings */ = {
			isa = PBXVariantGroup;
			children = (
				3CCCE29B1899131500101311 /* en */,
			);
			name = InfoPlist.strings;
			sourceTree = "<group>";
		};
		3CCCE2B71899131500101311 /* InfoPlist.strings */ = {
			isa = PBXVariantGroup;
			children = (
				3CCCE2B81899131500101311 /* en */,
			);
			name = InfoPlist.strings;
			sourceTree = "<group>";
		};
/* End PBXVariantGroup section */

/* Begin XCBuildConfiguration section */
		3CCCE2BC1899131500101311 /* Debug */ = {
			isa = XCBuildConfiguration;
			buildSettings = {
				ALWAYS_SEARCH_USER_PATHS = NO;
				ARCHS = "$(ARCHS_STANDARD_INCLUDING_64_BIT)";
				CLANG_CXX_LANGUAGE_STANDARD = "gnu++0x";
				CLANG_CXX_LIBRARY = "libc++";
				CLANG_ENABLE_MODULES = YES;
				CLANG_ENABLE_OBJC_ARC = YES;
				CLANG_WARN_BOOL_CONVERSION = YES;
				CLANG_WARN_CONSTANT_CONVERSION = YES;
				CLANG_WARN_DIRECT_OBJC_ISA_USAGE = YES_ERROR;
				CLANG_WARN_EMPTY_BODY = YES;
				CLANG_WARN_ENUM_CONVERSION = YES;
				CLANG_WARN_INT_CONVERSION = YES;
				CLANG_WARN_OBJC_ROOT_CLASS = YES_ERROR;
				CLANG_WARN__DUPLICATE_METHOD_MATCH = YES;
				"CODE_SIGN_IDENTITY[sdk=iphoneos*]" = "iPhone Developer";
				COPY_PHASE_STRIP = NO;
				GCC_C_LANGUAGE_STANDARD = gnu99;
				GCC_DYNAMIC_NO_PIC = NO;
				GCC_OPTIMIZATION_LEVEL = 0;
				GCC_PREPROCESSOR_DEFINITIONS = (
					"DEBUG=1",
					"$(inherited)",
				);
				GCC_SYMBOLS_PRIVATE_EXTERN = NO;
				GCC_WARN_64_TO_32_BIT_CONVERSION = YES;
				GCC_WARN_ABOUT_RETURN_TYPE = YES_ERROR;
				GCC_WARN_UNDECLARED_SELECTOR = YES;
				GCC_WARN_UNINITIALIZED_AUTOS = YES;
				GCC_WARN_UNUSED_FUNCTION = YES;
				GCC_WARN_UNUSED_VARIABLE = YES;
				IPHONEOS_DEPLOYMENT_TARGET = 7.0;
				ONLY_ACTIVE_ARCH = YES;
				SDKROOT = iphoneos;
			};
			name = Debug;
		};
		3CCCE2BD1899131500101311 /* Release */ = {
			isa = XCBuildConfiguration;
			buildSettings = {
				ALWAYS_SEARCH_USER_PATHS = NO;
				ARCHS = "$(ARCHS_STANDARD_INCLUDING_64_BIT)";
				CLANG_CXX_LANGUAGE_STANDARD = "gnu++0x";
				CLANG_CXX_LIBRARY = "libc++";
				CLANG_ENABLE_MODULES = YES;
				CLANG_ENABLE_OBJC_ARC = YES;
				CLANG_WARN_BOOL_CONVERSION = YES;
				CLANG_WARN_CONSTANT_CONVERSION = YES;
				CLANG_WARN_DIRECT_OBJC_ISA_USAGE = YES_ERROR;
				CLANG_WARN_EMPTY_BODY = YES;
				CLANG_WARN_ENUM_CONVERSION = YES;
				CLANG_WARN_INT_CONVERSION = YES;
				CLANG_WARN_OBJC_ROOT_CLASS = YES_ERROR;
				CLANG_WARN__DUPLICATE_METHOD_MATCH = YES;
				"CODE_SIGN_IDENTITY[sdk=iphoneos*]" = "iPhone Developer";
				COPY_PHASE_STRIP = YES;
				ENABLE_NS_ASSERTIONS = NO;
				GCC_C_LANGUAGE_STANDARD = gnu99;
				GCC_WARN_64_TO_32_BIT_CONVERSION = YES;
				GCC_WARN_ABOUT_RETURN_TYPE = YES_ERROR;
				GCC_WARN_UNDECLARED_SELECTOR = YES;
				GCC_WARN_UNINITIALIZED_AUTOS = YES;
				GCC_WARN_UNUSED_FUNCTION = YES;
				GCC_WARN_UNUSED_VARIABLE = YES;
				IPHONEOS_DEPLOYMENT_TARGET = 7.0;
				SDKROOT = iphoneos;
				VALIDATE_PRODUCT = YES;
			};
			name = Release;
		};
		3CCCE2BF1899131500101311 /* Debug */ = {
			isa = XCBuildConfiguration;
			buildSettings = {
				ASSETCATALOG_COMPILER_APPICON_NAME = AppIcon;
				ASSETCATALOG_COMPILER_LAUNCHIMAGE_NAME = LaunchImage;
				GCC_PRECOMPILE_PREFIX_HEADER = YES;
				GCC_PREFIX_HEADER = "project1/project1-Prefix.pch";
				INFOPLIST_FILE = "project1/project1-Info.plist";
				PRODUCT_NAME = "$(TARGET_NAME)";
				WRAPPER_EXTENSION = app;
			};
			name = Debug;
		};
		3CCCE2C01899131500101311 /* Release */ = {
			isa = XCBuildConfiguration;
			buildSettings = {
				ASSETCATALOG_COMPILER_APPICON_NAME = AppIcon;
				ASSETCATALOG_COMPILER_LAUNCHIMAGE_NAME = LaunchImage;
				GCC_PRECOMPILE_PREFIX_HEADER = YES;
				GCC_PREFIX_HEADER = "project1/project1-Prefix.pch";
				INFOPLIST_FILE = "project1/project1-Info.plist";
				PRODUCT_NAME = "$(TARGET_NAME)";
				WRAPPER_EXTENSION = app;
			};
			name = Release;
		};
		3CCCE2C21899131500101311 /* Debug */ = {
			isa = XCBuildConfiguration;
			buildSettings = {
				ARCHS = "$(ARCHS_STANDARD_INCLUDING_64_BIT)";
				BUNDLE_LOADER = "$(BUILT_PRODUCTS_DIR)/project1.app/project1";
				FRAMEWORK_SEARCH_PATHS = (
					"$(SDKROOT)/Developer/Library/Frameworks",
					"$(inherited)",
					"$(DEVELOPER_FRAMEWORKS_DIR)",
				);
				GCC_PRECOMPILE_PREFIX_HEADER = YES;
				GCC_PREFIX_HEADER = "project1/project1-Prefix.pch";
				GCC_PREPROCESSOR_DEFINITIONS = (
					"DEBUG=1",
					"$(inherited)",
				);
				INFOPLIST_FILE = "project1Tests/project1Tests-Info.plist";
				PRODUCT_NAME = "$(TARGET_NAME)";
				TEST_HOST = "$(BUNDLE_LOADER)";
				WRAPPER_EXTENSION = xctest;
			};
			name = Debug;
		};
		3CCCE2C31899131500101311 /* Release */ = {
			isa = XCBuildConfiguration;
			buildSettings = {
				ARCHS = "$(ARCHS_STANDARD_INCLUDING_64_BIT)";
				BUNDLE_LOADER = "$(BUILT_PRODUCTS_DIR)/project1.app/project1";
				FRAMEWORK_SEARCH_PATHS = (
					"$(SDKROOT)/Developer/Library/Frameworks",
					"$(inherited)",
					"$(DEVELOPER_FRAMEWORKS_DIR)",
				);
				GCC_PRECOMPILE_PREFIX_HEADER = YES;
				GCC_PREFIX_HEADER = "project1/project1-Prefix.pch";
				INFOPLIST_FILE = "project1Tests/project1Tests-Info.plist";
				PRODUCT_NAME = "$(TARGET_NAME)";
				TEST_HOST = "$(BUNDLE_LOADER)";
				WRAPPER_EXTENSION = xctest;
			};
			name = Release;
		};
/* End XCBuildConfiguration section */

/* Begin XCConfigurationList section */
		3CCCE2871899131500101311 /* Build configuration list for PBXProject "project1" */ = {
			isa = XCConfigurationList;
			buildConfigurations = (
				3CCCE2BC1899131500101311 /* Debug */,
				3CCCE2BD1899131500101311 /* Release */,
			);
			defaultConfigurationIsVisible = 0;
			defaultConfigurationName = Release;
		};
		3CCCE2BE1899131500101311 /* Build configuration list for PBXNativeTarget "project1" */ = {
			isa = XCConfigurationList;
			buildConfigurations = (
				3CCCE2BF1899131500101311 /* Debug */,
				3CCCE2C01899131500101311 /* Release */,
			);
			defaultConfigurationIsVisible = 0;
		};
		3CCCE2C11899131500101311 /* Build configuration list for PBXNativeTarget "project1Tests" */ = {
			isa = XCConfigurationList;
			buildConfigurations = (
				3CCCE2C21899131500101311 /* Debug */,
				3CCCE2C31899131500101311 /* Release */,
			);
			defaultConfigurationIsVisible = 0;
		};
/* End XCConfigurationList section */

/* Begin XCVersionGroup section */
		3CCCE2A31899131500101311 /* project1.xcdatamodeld */ = {
			isa = XCVersionGroup;
			children = (
				3CCCE2A41899131500101311 /* project1.xcdatamodel */,
			);
			currentVersion = 3CCCE2A41899131500101311 /* project1.xcdatamodel */;
			path = project1.xcdatamodeld;
			sourceTree = "<group>";
			versionGroupType = wrapper.xcdatamodel;
		};
/* End XCVersionGroup section */
	};
	rootObject = 3CCCE2841899131500101311 /* Project object */;
}
